
Microsoft Visual Studio Solution File, Format Version 12.00
# Visual Studio 2012
Project("{FAE04EC0-301F-11D3-BF4B-00C04F79EFBC}") = "TEST_PROJECT", "FilePreparation\TEST_PROJECT.csproj", "{CC0C3E48-6A5A-4B7E-A39E-ADAF162C69F4}"
EndProject
Project("{FAE04EC0-301F-11D3-BF4B-00C04F79EFBC}") = "TEST_CONSOLE", "TEST_CONSOLE\TEST_CONSOLE.csproj", "{8306F110-C8D7-4160-B820-2B57A1AA9F6D}"
EndProject
Project("{FAE04EC0-301F-11D3-BF4B-00C04F79EFBC}") = "DRDLPNet4_5", "DRDLPNet4.5\DRDLPNet4_5.csproj", "{8CAC77C3-AC5C-4D8D-B018-61D554635257}"
EndProject
Project("{FAE04EC0-301F-11D3-BF4B-00C04F79EFBC}") = "DRDLPClientNet4", "DRDLPNet\DRDLPClientNet4.csproj", "{86D8C496-5A9C-4B25-AD93-0F43679F306D}"
EndProject
Project("{FAE04EC0-301F-11D3-BF4B-00C04F79EFBC}") = "DRDLPAssociationEdit", "DLPAssociationEdit\DRDLPAssociationEdit.csproj", "{A1011BC3-4293-4346-A699-E88C27157ADC}"
EndProject
Project("{FAE04EC0-301F-11D3-BF4B-00C04F79EFBC}") = "DRDLPRegistry", "DRDLPRegistry\DRDLPRegistry.csproj", "{4C2A3903-895F-4B5E-B5C9-1DF088DBA7DA}"
EndProject
Project("{FAE04EC0-301F-11D3-BF4B-00C04F79EFBC}") = "DRDLPFileTransformation", "DRDLPFileTransformation\DRDLPFileTransformation.csproj", "{857AD7A7-57B0-49C2-9E16-B168F05DB493}"
EndProject
Project("{FAE04EC0-301F-11D3-BF4B-00C04F79EFBC}") = "DRDLPSystemDAL", "DRDLPSystemDAL\DRDLPSystemDAL.csproj", "{47D22AF7-FCD5-46A7-A995-2C246E775353}"
EndProject
Global
	GlobalSection(SolutionConfigurationPlatforms) = preSolution
		Debug|Any CPU = Debug|Any CPU
		Release|Any CPU = Release|Any CPU
	EndGlobalSection
	GlobalSection(ProjectConfigurationPlatforms) = postSolution
		{CC0C3E48-6A5A-4B7E-A39E-ADAF162C69F4}.Debug|Any CPU.ActiveCfg = Debug|Any CPU
		{CC0C3E48-6A5A-4B7E-A39E-ADAF162C69F4}.Debug|Any CPU.Build.0 = Debug|Any CPU
		{CC0C3E48-6A5A-4B7E-A39E-ADAF162C69F4}.Release|Any CPU.ActiveCfg = Release|Any CPU
		{CC0C3E48-6A5A-4B7E-A39E-ADAF162C69F4}.Release|Any CPU.Build.0 = Release|Any CPU
		{8306F110-C8D7-4160-B820-2B57A1AA9F6D}.Debug|Any CPU.ActiveCfg = Debug|Any CPU
		{8306F110-C8D7-4160-B820-2B57A1AA9F6D}.Debug|Any CPU.Build.0 = Debug|Any CPU
		{8306F110-C8D7-4160-B820-2B57A1AA9F6D}.Release|Any CPU.ActiveCfg = Release|Any CPU
		{8306F110-C8D7-4160-B820-2B57A1AA9F6D}.Release|Any CPU.Build.0 = Release|Any CPU
		{8CAC77C3-AC5C-4D8D-B018-61D554635257}.Debug|Any CPU.ActiveCfg = Debug|Any CPU
		{8CAC77C3-AC5C-4D8D-B018-61D554635257}.Debug|Any CPU.Build.0 = Debug|Any CPU
		{8CAC77C3-AC5C-4D8D-B018-61D554635257}.Release|Any CPU.ActiveCfg = Release|Any CPU
		{8CAC77C3-AC5C-4D8D-B018-61D554635257}.Release|Any CPU.Build.0 = Release|Any CPU
		{86D8C496-5A9C-4B25-AD93-0F43679F306D}.Debug|Any CPU.ActiveCfg = Debug|Any CPU
		{86D8C496-5A9C-4B25-AD93-0F43679F306D}.Debug|Any CPU.Build.0 = Debug|Any CPU
		{86D8C496-5A9C-4B25-AD93-0F43679F306D}.Release|Any CPU.ActiveCfg = Release|Any CPU
		{86D8C496-5A9C-4B25-AD93-0F43679F306D}.Release|Any CPU.Build.0 = Release|Any CPU
		{A1011BC3-4293-4346-A699-E88C27157ADC}.Debug|Any CPU.ActiveCfg = Debug|Any CPU
		{A1011BC3-4293-4346-A699-E88C27157ADC}.Debug|Any CPU.Build.0 = Debug|Any CPU
		{A1011BC3-4293-4346-A699-E88C27157ADC}.Release|Any CPU.ActiveCfg = Release|Any CPU
		{A1011BC3-4293-4346-A699-E88C27157ADC}.Release|Any CPU.Build.0 = Release|Any CPU
		{4C2A3903-895F-4B5E-B5C9-1DF088DBA7DA}.Debug|Any CPU.ActiveCfg = Debug|Any CPU
		{4C2A3903-895F-4B5E-B5C9-1DF088DBA7DA}.Debug|Any CPU.Build.0 = Debug|Any CPU
		{4C2A3903-895F-4B5E-B5C9-1DF088DBA7DA}.Release|Any CPU.ActiveCfg = Release|Any CPU
		{4C2A3903-895F-4B5E-B5C9-1DF088DBA7DA}.Release|Any CPU.Build.0 = Release|Any CPU
		{857AD7A7-57B0-49C2-9E16-B168F05DB493}.Debug|Any CPU.ActiveCfg = Debug|Any CPU
		{857AD7A7-57B0-49C2-9E16-B168F05DB493}.Debug|Any CPU.Build.0 = Debug|Any CPU
		{857AD7A7-57B0-49C2-9E16-B168F05DB493}.Release|Any CPU.ActiveCfg = Release|Any CPU
		{857AD7A7-57B0-49C2-9E16-B168F05DB493}.Release|Any CPU.Build.0 = Release|Any CPU
		{47D22AF7-FCD5-46A7-A995-2C246E775353}.Debug|Any CPU.ActiveCfg = Debug|Any CPU
		{47D22AF7-FCD5-46A7-A995-2C246E775353}.Debug|Any CPU.Build.0 = Debug|Any CPU
		{47D22AF7-FCD5-46A7-A995-2C246E775353}.Release|Any CPU.ActiveCfg = Release|Any CPU
		{47D22AF7-FCD5-46A7-A995-2C246E775353}.Release|Any CPU.Build.0 = Release|Any CPU
	EndGlobalSection
	GlobalSection(SolutionProperties) = preSolution
		HideSolutionNode = FALSE
	EndGlobalSection
EndGlobal
